
Microsoft Visual Studio Solution File, Format Version 12.00
# Visual Studio Version 16
VisualStudioVersion = 16.0.31729.503
MinimumVisualStudioVersion = 10.0.40219.1
Project("{FAE04EC0-301F-11D3-BF4B-00C04F79EFBC}") = "Karta_dzwiekowa", "Karta_dzwiekowa\Karta_dzwiekowa.csproj", "{C61AC5D4-9B45-4AB0-A5B6-17953FD299E6}"
EndProject
Global
	GlobalSection(SolutionConfigurationPlatforms) = preSolution
		Debug|Any CPU = Debug|Any CPU
		Release|Any CPU = Release|Any CPU
	EndGlobalSection
	GlobalSection(ProjectConfigurationPlatforms) = postSolution
		{C61AC5D4-9B45-4AB0-A5B6-17953FD299E6}.Debug|Any CPU.ActiveCfg = Debug|Any CPU
		{C61AC5D4-9B45-4AB0-A5B6-17953FD299E6}.Debug|Any CPU.Build.0 = Debug|Any CPU
		{C61AC5D4-9B45-4AB0-A5B6-17953FD299E6}.Release|Any CPU.ActiveCfg = Release|Any CPU
		{C61AC5D4-9B45-4AB0-A5B6-17953FD299E6}.Release|Any CPU.Build.0 = Release|Any CPU
	EndGlobalSection
	GlobalSection(SolutionProperties) = preSolution
		HideSolutionNode = FALSE
	EndGlobalSection
	GlobalSection(ExtensibilityGlobals) = postSolution
		SolutionGuid = {D58FBD7F-9E6F-4AFB-A78C-BF492EC54695}
	EndGlobalSection
EndGlobal
