
Microsoft Visual Studio Solution File, Format Version 12.00
# Visual Studio Version 16
VisualStudioVersion = 16.0.31729.503
MinimumVisualStudioVersion = 10.0.40219.1
Project("{FAE04EC0-301F-11D3-BF4B-00C04F79EFBC}") = "SilnikKrokowy", "SilnikKrokowy\SilnikKrokowy.csproj", "{8754E102-82AF-4AB3-914D-101204759F6E}"
EndProject
Global
	GlobalSection(SolutionConfigurationPlatforms) = preSolution
		Debug|Any CPU = Debug|Any CPU
		Release|Any CPU = Release|Any CPU
	EndGlobalSection
	GlobalSection(ProjectConfigurationPlatforms) = postSolution
		{8754E102-82AF-4AB3-914D-101204759F6E}.Debug|Any CPU.ActiveCfg = Debug|Any CPU
		{8754E102-82AF-4AB3-914D-101204759F6E}.Debug|Any CPU.Build.0 = Debug|Any CPU
		{8754E102-82AF-4AB3-914D-101204759F6E}.Release|Any CPU.ActiveCfg = Release|Any CPU
		{8754E102-82AF-4AB3-914D-101204759F6E}.Release|Any CPU.Build.0 = Release|Any CPU
	EndGlobalSection
	GlobalSection(SolutionProperties) = preSolution
		HideSolutionNode = FALSE
	EndGlobalSection
	GlobalSection(ExtensibilityGlobals) = postSolution
		SolutionGuid = {97C071E2-CEE4-4904-B3B4-C3DBD393EE1C}
	EndGlobalSection
EndGlobal
